
Microsoft Visual Studio Solution File, Format Version 12.00
# Visual Studio Version 17
VisualStudioVersion = 17.1.32210.238
MinimumVisualStudioVersion = 10.0.40219.1
Project("{FAE04EC0-301F-11D3-BF4B-00C04F79EFBC}") = "IMS.WebApp", "IMS.WebApp\IMS.WebApp.csproj", "{3F842C08-27AC-4C14-8D48-4EED3ECF2851}"
EndProject
Project("{FAE04EC0-301F-11D3-BF4B-00C04F79EFBC}") = "IMS.UseCases", "IMS.UseCases\IMS.UseCases.csproj", "{3104B241-87CF-43F9-AC4C-769B55CE06EE}"
EndProject
Global
	GlobalSection(SolutionConfigurationPlatforms) = preSolution
		Debug|Any CPU = Debug|Any CPU
		Release|Any CPU = Release|Any CPU
	EndGlobalSection
	GlobalSection(ProjectConfigurationPlatforms) = postSolution
		{3F842C08-27AC-4C14-8D48-4EED3ECF2851}.Debug|Any CPU.ActiveCfg = Debug|Any CPU
		{3F842C08-27AC-4C14-8D48-4EED3ECF2851}.Debug|Any CPU.Build.0 = Debug|Any CPU
		{3F842C08-27AC-4C14-8D48-4EED3ECF2851}.Release|Any CPU.ActiveCfg = Release|Any CPU
		{3F842C08-27AC-4C14-8D48-4EED3ECF2851}.Release|Any CPU.Build.0 = Release|Any CPU
		{3104B241-87CF-43F9-AC4C-769B55CE06EE}.Debug|Any CPU.ActiveCfg = Debug|Any CPU
		{3104B241-87CF-43F9-AC4C-769B55CE06EE}.Debug|Any CPU.Build.0 = Debug|Any CPU
		{3104B241-87CF-43F9-AC4C-769B55CE06EE}.Release|Any CPU.ActiveCfg = Release|Any CPU
		{3104B241-87CF-43F9-AC4C-769B55CE06EE}.Release|Any CPU.Build.0 = Release|Any CPU
	EndGlobalSection
	GlobalSection(SolutionProperties) = preSolution
		HideSolutionNode = FALSE
	EndGlobalSection
	GlobalSection(ExtensibilityGlobals) = postSolution
		SolutionGuid = {4F8A69CC-5662-48EF-9574-BFC258350EB6}
	EndGlobalSection
EndGlobal
